// !$*UTF8*$!
{
	archiveVersion = 1;
	classes = {
	};
	objectVersion = 56;
	objects = {

/* Begin PBXBuildFile section */
		55E4E96A1243CDE66ED5FCBD /* Pods_GymPartner.framework in Frameworks */ = {isa = PBXBuildFile; fileRef = D3F178B861CF37CC548314D1 /* Pods_GymPartner.framework */; };
		8EB494C400A8421D53C00118 /* Pods_GymPartnerTests.framework in Frameworks */ = {isa = PBXBuildFile; fileRef = 4A52EB1DD08FA935291FEF5A /* Pods_GymPartnerTests.framework */; };
		C3BF8C462974ACC100B850E7 /* GymPartnerApp.swift in Sources */ = {isa = PBXBuildFile; fileRef = C3BF8C452974ACC100B850E7 /* GymPartnerApp.swift */; };
		C3BF8C4A2974ACC400B850E7 /* Assets.xcassets in Resources */ = {isa = PBXBuildFile; fileRef = C3BF8C492974ACC400B850E7 /* Assets.xcassets */; };
		C3BF8C4D2974ACC400B850E7 /* Preview Assets.xcassets in Resources */ = {isa = PBXBuildFile; fileRef = C3BF8C4C2974ACC400B850E7 /* Preview Assets.xcassets */; };
		C3BF8C572974ACC500B850E7 /* GymPartnerTests.swift in Sources */ = {isa = PBXBuildFile; fileRef = C3BF8C562974ACC500B850E7 /* GymPartnerTests.swift */; };
		C3BF8C612974ACC500B850E7 /* GymPartnerUITests.swift in Sources */ = {isa = PBXBuildFile; fileRef = C3BF8C602974ACC500B850E7 /* GymPartnerUITests.swift */; };
		C3BF8C632974ACC500B850E7 /* GymPartnerUITestsLaunchTests.swift in Sources */ = {isa = PBXBuildFile; fileRef = C3BF8C622974ACC500B850E7 /* GymPartnerUITestsLaunchTests.swift */; };
		C3BF8C722974BADB00B850E7 /* SignUpView.swift in Sources */ = {isa = PBXBuildFile; fileRef = C3BF8C712974BADB00B850E7 /* SignUpView.swift */; };
		C3BF8C742974CFB000B850E7 /* MainView.swift in Sources */ = {isa = PBXBuildFile; fileRef = C3BF8C732974CFB000B850E7 /* MainView.swift */; };
		C3BF8C762974D14000B850E7 /* AuthView.swift in Sources */ = {isa = PBXBuildFile; fileRef = C3BF8C752974D13F00B850E7 /* AuthView.swift */; };
		C3BF8C782975BF8400B850E7 /* GoogleService-Info.plist in Resources */ = {isa = PBXBuildFile; fileRef = C3BF8C772975BF8400B850E7 /* GoogleService-Info.plist */; };
		D7ACA6A7B74C876F49376DDD /* Pods_GymPartner_GymPartnerUITests.framework in Frameworks */ = {isa = PBXBuildFile; fileRef = 6B443501E8F58C24E76D8E09 /* Pods_GymPartner_GymPartnerUITests.framework */; };
/* End PBXBuildFile section */

/* Begin PBXContainerItemProxy section */
		C3BF8C532974ACC500B850E7 /* PBXContainerItemProxy */ = {
			isa = PBXContainerItemProxy;
			containerPortal = C3BF8C3A2974ACC100B850E7 /* Project object */;
			proxyType = 1;
			remoteGlobalIDString = C3BF8C412974ACC100B850E7;
			remoteInfo = GymPartner;
		};
		C3BF8C5D2974ACC500B850E7 /* PBXContainerItemProxy */ = {
			isa = PBXContainerItemProxy;
			containerPortal = C3BF8C3A2974ACC100B850E7 /* Project object */;
			proxyType = 1;
			remoteGlobalIDString = C3BF8C412974ACC100B850E7;
			remoteInfo = GymPartner;
		};
/* End PBXContainerItemProxy section */

/* Begin PBXFileReference section */
		037F51EBED12C2B2D72F9425 /* Pods-GymPartner.debug.xcconfig */ = {isa = PBXFileReference; includeInIndex = 1; lastKnownFileType = text.xcconfig; name = "Pods-GymPartner.debug.xcconfig"; path = "Target Support Files/Pods-GymPartner/Pods-GymPartner.debug.xcconfig"; sourceTree = "<group>"; };
		4A52EB1DD08FA935291FEF5A /* Pods_GymPartnerTests.framework */ = {isa = PBXFileReference; explicitFileType = wrapper.framework; includeInIndex = 0; path = Pods_GymPartnerTests.framework; sourceTree = BUILT_PRODUCTS_DIR; };
		6B443501E8F58C24E76D8E09 /* Pods_GymPartner_GymPartnerUITests.framework */ = {isa = PBXFileReference; explicitFileType = wrapper.framework; includeInIndex = 0; path = Pods_GymPartner_GymPartnerUITests.framework; sourceTree = BUILT_PRODUCTS_DIR; };
		ADB07C6B63B7878B531B786B /* Pods-GymPartner.release.xcconfig */ = {isa = PBXFileReference; includeInIndex = 1; lastKnownFileType = text.xcconfig; name = "Pods-GymPartner.release.xcconfig"; path = "Target Support Files/Pods-GymPartner/Pods-GymPartner.release.xcconfig"; sourceTree = "<group>"; };
		B2367588360A8B00F2013B31 /* Pods-GymPartner-GymPartnerUITests.release.xcconfig */ = {isa = PBXFileReference; includeInIndex = 1; lastKnownFileType = text.xcconfig; name = "Pods-GymPartner-GymPartnerUITests.release.xcconfig"; path = "Target Support Files/Pods-GymPartner-GymPartnerUITests/Pods-GymPartner-GymPartnerUITests.release.xcconfig"; sourceTree = "<group>"; };
		C3BF8C422974ACC100B850E7 /* GymPartner.app */ = {isa = PBXFileReference; explicitFileType = wrapper.application; includeInIndex = 0; path = GymPartner.app; sourceTree = BUILT_PRODUCTS_DIR; };
		C3BF8C452974ACC100B850E7 /* GymPartnerApp.swift */ = {isa = PBXFileReference; lastKnownFileType = sourcecode.swift; path = GymPartnerApp.swift; sourceTree = "<group>"; };
		C3BF8C492974ACC400B850E7 /* Assets.xcassets */ = {isa = PBXFileReference; lastKnownFileType = folder.assetcatalog; path = Assets.xcassets; sourceTree = "<group>"; };
		C3BF8C4C2974ACC400B850E7 /* Preview Assets.xcassets */ = {isa = PBXFileReference; lastKnownFileType = folder.assetcatalog; path = "Preview Assets.xcassets"; sourceTree = "<group>"; };
		C3BF8C522974ACC500B850E7 /* GymPartnerTests.xctest */ = {isa = PBXFileReference; explicitFileType = wrapper.cfbundle; includeInIndex = 0; path = GymPartnerTests.xctest; sourceTree = BUILT_PRODUCTS_DIR; };
		C3BF8C562974ACC500B850E7 /* GymPartnerTests.swift */ = {isa = PBXFileReference; lastKnownFileType = sourcecode.swift; path = GymPartnerTests.swift; sourceTree = "<group>"; };
		C3BF8C5C2974ACC500B850E7 /* GymPartnerUITests.xctest */ = {isa = PBXFileReference; explicitFileType = wrapper.cfbundle; includeInIndex = 0; path = GymPartnerUITests.xctest; sourceTree = BUILT_PRODUCTS_DIR; };
		C3BF8C602974ACC500B850E7 /* GymPartnerUITests.swift */ = {isa = PBXFileReference; lastKnownFileType = sourcecode.swift; path = GymPartnerUITests.swift; sourceTree = "<group>"; };
		C3BF8C622974ACC500B850E7 /* GymPartnerUITestsLaunchTests.swift */ = {isa = PBXFileReference; lastKnownFileType = sourcecode.swift; path = GymPartnerUITestsLaunchTests.swift; sourceTree = "<group>"; };
		C3BF8C712974BADB00B850E7 /* SignUpView.swift */ = {isa = PBXFileReference; lastKnownFileType = sourcecode.swift; path = SignUpView.swift; sourceTree = "<group>"; };
		C3BF8C732974CFB000B850E7 /* MainView.swift */ = {isa = PBXFileReference; lastKnownFileType = sourcecode.swift; path = MainView.swift; sourceTree = "<group>"; };
		C3BF8C752974D13F00B850E7 /* AuthView.swift */ = {isa = PBXFileReference; lastKnownFileType = sourcecode.swift; path = AuthView.swift; sourceTree = "<group>"; };
		C3BF8C772975BF8400B850E7 /* GoogleService-Info.plist */ = {isa = PBXFileReference; fileEncoding = 4; lastKnownFileType = text.plist.xml; name = "GoogleService-Info.plist"; path = "../../../Downloads/GoogleService-Info.plist"; sourceTree = "<group>"; };
		D3F178B861CF37CC548314D1 /* Pods_GymPartner.framework */ = {isa = PBXFileReference; explicitFileType = wrapper.framework; includeInIndex = 0; path = Pods_GymPartner.framework; sourceTree = BUILT_PRODUCTS_DIR; };
		D797FC6054B6C6D67D037717 /* Pods-GymPartnerTests.debug.xcconfig */ = {isa = PBXFileReference; includeInIndex = 1; lastKnownFileType = text.xcconfig; name = "Pods-GymPartnerTests.debug.xcconfig"; path = "Target Support Files/Pods-GymPartnerTests/Pods-GymPartnerTests.debug.xcconfig"; sourceTree = "<group>"; };
		DBD319F01D09FA488EA296B8 /* Pods-GymPartner-GymPartnerUITests.debug.xcconfig */ = {isa = PBXFileReference; includeInIndex = 1; lastKnownFileType = text.xcconfig; name = "Pods-GymPartner-GymPartnerUITests.debug.xcconfig"; path = "Target Support Files/Pods-GymPartner-GymPartnerUITests/Pods-GymPartner-GymPartnerUITests.debug.xcconfig"; sourceTree = "<group>"; };
		FEAD90BF138D544F861CB43C /* Pods-GymPartnerTests.release.xcconfig */ = {isa = PBXFileReference; includeInIndex = 1; lastKnownFileType = text.xcconfig; name = "Pods-GymPartnerTests.release.xcconfig"; path = "Target Support Files/Pods-GymPartnerTests/Pods-GymPartnerTests.release.xcconfig"; sourceTree = "<group>"; };
/* End PBXFileReference section */

/* Begin PBXFrameworksBuildPhase section */
		C3BF8C3F2974ACC100B850E7 /* Frameworks */ = {
			isa = PBXFrameworksBuildPhase;
			buildActionMask = 2147483647;
			files = (
				55E4E96A1243CDE66ED5FCBD /* Pods_GymPartner.framework in Frameworks */,
			);
			runOnlyForDeploymentPostprocessing = 0;
		};
		C3BF8C4F2974ACC500B850E7 /* Frameworks */ = {
			isa = PBXFrameworksBuildPhase;
			buildActionMask = 2147483647;
			files = (
				8EB494C400A8421D53C00118 /* Pods_GymPartnerTests.framework in Frameworks */,
			);
			runOnlyForDeploymentPostprocessing = 0;
		};
		C3BF8C592974ACC500B850E7 /* Frameworks */ = {
			isa = PBXFrameworksBuildPhase;
			buildActionMask = 2147483647;
			files = (
				D7ACA6A7B74C876F49376DDD /* Pods_GymPartner_GymPartnerUITests.framework in Frameworks */,
			);
			runOnlyForDeploymentPostprocessing = 0;
		};
/* End PBXFrameworksBuildPhase section */

/* Begin PBXGroup section */
		5EFD8636CA090CC2C5621ADC /* Pods */ = {
			isa = PBXGroup;
			children = (
				037F51EBED12C2B2D72F9425 /* Pods-GymPartner.debug.xcconfig */,
				ADB07C6B63B7878B531B786B /* Pods-GymPartner.release.xcconfig */,
				DBD319F01D09FA488EA296B8 /* Pods-GymPartner-GymPartnerUITests.debug.xcconfig */,
				B2367588360A8B00F2013B31 /* Pods-GymPartner-GymPartnerUITests.release.xcconfig */,
				D797FC6054B6C6D67D037717 /* Pods-GymPartnerTests.debug.xcconfig */,
				FEAD90BF138D544F861CB43C /* Pods-GymPartnerTests.release.xcconfig */,
			);
			path = Pods;
			sourceTree = "<group>";
		};
		681EE422F77845346BC54DB2 /* Frameworks */ = {
			isa = PBXGroup;
			children = (
				D3F178B861CF37CC548314D1 /* Pods_GymPartner.framework */,
				6B443501E8F58C24E76D8E09 /* Pods_GymPartner_GymPartnerUITests.framework */,
				4A52EB1DD08FA935291FEF5A /* Pods_GymPartnerTests.framework */,
			);
			name = Frameworks;
			sourceTree = "<group>";
		};
		C3BF8C392974ACC100B850E7 = {
			isa = PBXGroup;
			children = (
				C3BF8C442974ACC100B850E7 /* GymPartner */,
				C3BF8C552974ACC500B850E7 /* GymPartnerTests */,
				C3BF8C5F2974ACC500B850E7 /* GymPartnerUITests */,
				C3BF8C432974ACC100B850E7 /* Products */,
				5EFD8636CA090CC2C5621ADC /* Pods */,
				681EE422F77845346BC54DB2 /* Frameworks */,
			);
			sourceTree = "<group>";
		};
		C3BF8C432974ACC100B850E7 /* Products */ = {
			isa = PBXGroup;
			children = (
				C3BF8C422974ACC100B850E7 /* GymPartner.app */,
				C3BF8C522974ACC500B850E7 /* GymPartnerTests.xctest */,
				C3BF8C5C2974ACC500B850E7 /* GymPartnerUITests.xctest */,
			);
			name = Products;
			sourceTree = "<group>";
		};
		C3BF8C442974ACC100B850E7 /* GymPartner */ = {
			isa = PBXGroup;
			children = (
				C3BF8C772975BF8400B850E7 /* GoogleService-Info.plist */,
				C3BF8C452974ACC100B850E7 /* GymPartnerApp.swift */,
				C3BF8C752974D13F00B850E7 /* AuthView.swift */,
				C3BF8C712974BADB00B850E7 /* SignUpView.swift */,
				C3BF8C492974ACC400B850E7 /* Assets.xcassets */,
				C3BF8C4B2974ACC400B850E7 /* Preview Content */,
				C3BF8C732974CFB000B850E7 /* MainView.swift */,
			);
			path = GymPartner;
			sourceTree = "<group>";
		};
		C3BF8C4B2974ACC400B850E7 /* Preview Content */ = {
			isa = PBXGroup;
			children = (
				C3BF8C4C2974ACC400B850E7 /* Preview Assets.xcassets */,
			);
			path = "Preview Content";
			sourceTree = "<group>";
		};
		C3BF8C552974ACC500B850E7 /* GymPartnerTests */ = {
			isa = PBXGroup;
			children = (
				C3BF8C562974ACC500B850E7 /* GymPartnerTests.swift */,
			);
			path = GymPartnerTests;
			sourceTree = "<group>";
		};
		C3BF8C5F2974ACC500B850E7 /* GymPartnerUITests */ = {
			isa = PBXGroup;
			children = (
				C3BF8C602974ACC500B850E7 /* GymPartnerUITests.swift */,
				C3BF8C622974ACC500B850E7 /* GymPartnerUITestsLaunchTests.swift */,
			);
			path = GymPartnerUITests;
			sourceTree = "<group>";
		};
/* End PBXGroup section */

/* Begin PBXNativeTarget section */
		C3BF8C412974ACC100B850E7 /* GymPartner */ = {
			isa = PBXNativeTarget;
			buildConfigurationList = C3BF8C662974ACC500B850E7 /* Build configuration list for PBXNativeTarget "GymPartner" */;
			buildPhases = (
				6E142D11F3AEB2F03B099AC5 /* [CP] Check Pods Manifest.lock */,
				C3BF8C3E2974ACC100B850E7 /* Sources */,
				C3BF8C3F2974ACC100B850E7 /* Frameworks */,
				C3BF8C402974ACC100B850E7 /* Resources */,
				590E19CBADBF095B4FF86C43 /* [CP] Embed Pods Frameworks */,
			);
			buildRules = (
			);
			dependencies = (
			);
			name = GymPartner;
			productName = GymPartner;
			productReference = C3BF8C422974ACC100B850E7 /* GymPartner.app */;
			productType = "com.apple.product-type.application";
		};
		C3BF8C512974ACC500B850E7 /* GymPartnerTests */ = {
			isa = PBXNativeTarget;
			buildConfigurationList = C3BF8C692974ACC500B850E7 /* Build configuration list for PBXNativeTarget "GymPartnerTests" */;
			buildPhases = (
				DDA63AB4D52C5A1801C68B85 /* [CP] Check Pods Manifest.lock */,
				C3BF8C4E2974ACC500B850E7 /* Sources */,
				C3BF8C4F2974ACC500B850E7 /* Frameworks */,
				C3BF8C502974ACC500B850E7 /* Resources */,
			);
			buildRules = (
			);
			dependencies = (
				C3BF8C542974ACC500B850E7 /* PBXTargetDependency */,
			);
			name = GymPartnerTests;
			productName = GymPartnerTests;
			productReference = C3BF8C522974ACC500B850E7 /* GymPartnerTests.xctest */;
			productType = "com.apple.product-type.bundle.unit-test";
		};
		C3BF8C5B2974ACC500B850E7 /* GymPartnerUITests */ = {
			isa = PBXNativeTarget;
			buildConfigurationList = C3BF8C6C2974ACC500B850E7 /* Build configuration list for PBXNativeTarget "GymPartnerUITests" */;
			buildPhases = (
				F8DA8D8D0CD3A5BD098902D6 /* [CP] Check Pods Manifest.lock */,
				C3BF8C582974ACC500B850E7 /* Sources */,
				C3BF8C592974ACC500B850E7 /* Frameworks */,
				C3BF8C5A2974ACC500B850E7 /* Resources */,
				CE618ADC8B488016E378C148 /* [CP] Embed Pods Frameworks */,
			);
			buildRules = (
			);
			dependencies = (
				C3BF8C5E2974ACC500B850E7 /* PBXTargetDependency */,
			);
			name = GymPartnerUITests;
			productName = GymPartnerUITests;
			productReference = C3BF8C5C2974ACC500B850E7 /* GymPartnerUITests.xctest */;
			productType = "com.apple.product-type.bundle.ui-testing";
		};
/* End PBXNativeTarget section */

/* Begin PBXProject section */
		C3BF8C3A2974ACC100B850E7 /* Project object */ = {
			isa = PBXProject;
			attributes = {
				BuildIndependentTargetsInParallel = 1;
				LastSwiftUpdateCheck = 1420;
				LastUpgradeCheck = 1420;
				TargetAttributes = {
					C3BF8C412974ACC100B850E7 = {
						CreatedOnToolsVersion = 14.2;
					};
					C3BF8C512974ACC500B850E7 = {
						CreatedOnToolsVersion = 14.2;
						TestTargetID = C3BF8C412974ACC100B850E7;
					};
					C3BF8C5B2974ACC500B850E7 = {
						CreatedOnToolsVersion = 14.2;
						TestTargetID = C3BF8C412974ACC100B850E7;
					};
				};
			};
			buildConfigurationList = C3BF8C3D2974ACC100B850E7 /* Build configuration list for PBXProject "GymPartner" */;
			compatibilityVersion = "Xcode 14.0";
			developmentRegion = en;
			hasScannedForEncodings = 0;
			knownRegions = (
				en,
				Base,
			);
			mainGroup = C3BF8C392974ACC100B850E7;
			productRefGroup = C3BF8C432974ACC100B850E7 /* Products */;
			projectDirPath = "";
			projectRoot = "";
			targets = (
				C3BF8C412974ACC100B850E7 /* GymPartner */,
				C3BF8C512974ACC500B850E7 /* GymPartnerTests */,
				C3BF8C5B2974ACC500B850E7 /* GymPartnerUITests */,
			);
		};
/* End PBXProject section */

/* Begin PBXResourcesBuildPhase section */
		C3BF8C402974ACC100B850E7 /* Resources */ = {
			isa = PBXResourcesBuildPhase;
			buildActionMask = 2147483647;
			files = (
				C3BF8C4D2974ACC400B850E7 /* Preview Assets.xcassets in Resources */,
				C3BF8C4A2974ACC400B850E7 /* Assets.xcassets in Resources */,
				C3BF8C782975BF8400B850E7 /* GoogleService-Info.plist in Resources */,
			);
			runOnlyForDeploymentPostprocessing = 0;
		};
		C3BF8C502974ACC500B850E7 /* Resources */ = {
			isa = PBXResourcesBuildPhase;
			buildActionMask = 2147483647;
			files = (
			);
			runOnlyForDeploymentPostprocessing = 0;
		};
		C3BF8C5A2974ACC500B850E7 /* Resources */ = {
			isa = PBXResourcesBuildPhase;
			buildActionMask = 2147483647;
			files = (
			);
			runOnlyForDeploymentPostprocessing = 0;
		};
/* End PBXResourcesBuildPhase section */

/* Begin PBXShellScriptBuildPhase section */
		590E19CBADBF095B4FF86C43 /* [CP] Embed Pods Frameworks */ = {
			isa = PBXShellScriptBuildPhase;
			buildActionMask = 2147483647;
			files = (
			);
			inputFileListPaths = (
				"${PODS_ROOT}/Target Support Files/Pods-GymPartner/Pods-GymPartner-frameworks-${CONFIGURATION}-input-files.xcfilelist",
			);
			name = "[CP] Embed Pods Frameworks";
			outputFileListPaths = (
				"${PODS_ROOT}/Target Support Files/Pods-GymPartner/Pods-GymPartner-frameworks-${CONFIGURATION}-output-files.xcfilelist",
			);
			runOnlyForDeploymentPostprocessing = 0;
			shellPath = /bin/sh;
			shellScript = "\"${PODS_ROOT}/Target Support Files/Pods-GymPartner/Pods-GymPartner-frameworks.sh\"\n";
			showEnvVarsInLog = 0;
		};
		6E142D11F3AEB2F03B099AC5 /* [CP] Check Pods Manifest.lock */ = {
			isa = PBXShellScriptBuildPhase;
			buildActionMask = 2147483647;
			files = (
			);
			inputFileListPaths = (
			);
			inputPaths = (
				"${PODS_PODFILE_DIR_PATH}/Podfile.lock",
				"${PODS_ROOT}/Manifest.lock",
			);
			name = "[CP] Check Pods Manifest.lock";
			outputFileListPaths = (
			);
			outputPaths = (
				"$(DERIVED_FILE_DIR)/Pods-GymPartner-checkManifestLockResult.txt",
			);
			runOnlyForDeploymentPostprocessing = 0;
			shellPath = /bin/sh;
			shellScript = "diff \"${PODS_PODFILE_DIR_PATH}/Podfile.lock\" \"${PODS_ROOT}/Manifest.lock\" > /dev/null\nif [ $? != 0 ] ; then\n    # print error to STDERR\n    echo \"error: The sandbox is not in sync with the Podfile.lock. Run 'pod install' or update your CocoaPods installation.\" >&2\n    exit 1\nfi\n# This output is used by Xcode 'outputs' to avoid re-running this script phase.\necho \"SUCCESS\" > \"${SCRIPT_OUTPUT_FILE_0}\"\n";
			showEnvVarsInLog = 0;
		};
		CE618ADC8B488016E378C148 /* [CP] Embed Pods Frameworks */ = {
			isa = PBXShellScriptBuildPhase;
			buildActionMask = 2147483647;
			files = (
			);
			inputFileListPaths = (
				"${PODS_ROOT}/Target Support Files/Pods-GymPartner-GymPartnerUITests/Pods-GymPartner-GymPartnerUITests-frameworks-${CONFIGURATION}-input-files.xcfilelist",
			);
			name = "[CP] Embed Pods Frameworks";
			outputFileListPaths = (
				"${PODS_ROOT}/Target Support Files/Pods-GymPartner-GymPartnerUITests/Pods-GymPartner-GymPartnerUITests-frameworks-${CONFIGURATION}-output-files.xcfilelist",
			);
			runOnlyForDeploymentPostprocessing = 0;
			shellPath = /bin/sh;
			shellScript = "\"${PODS_ROOT}/Target Support Files/Pods-GymPartner-GymPartnerUITests/Pods-GymPartner-GymPartnerUITests-frameworks.sh\"\n";
			showEnvVarsInLog = 0;
		};
		DDA63AB4D52C5A1801C68B85 /* [CP] Check Pods Manifest.lock */ = {
			isa = PBXShellScriptBuildPhase;
			buildActionMask = 2147483647;
			files = (
			);
			inputFileListPaths = (
			);
			inputPaths = (
				"${PODS_PODFILE_DIR_PATH}/Podfile.lock",
				"${PODS_ROOT}/Manifest.lock",
			);
			name = "[CP] Check Pods Manifest.lock";
			outputFileListPaths = (
			);
			outputPaths = (
				"$(DERIVED_FILE_DIR)/Pods-GymPartnerTests-checkManifestLockResult.txt",
			);
			runOnlyForDeploymentPostprocessing = 0;
			shellPath = /bin/sh;
			shellScript = "diff \"${PODS_PODFILE_DIR_PATH}/Podfile.lock\" \"${PODS_ROOT}/Manifest.lock\" > /dev/null\nif [ $? != 0 ] ; then\n    # print error to STDERR\n    echo \"error: The sandbox is not in sync with the Podfile.lock. Run 'pod install' or update your CocoaPods installation.\" >&2\n    exit 1\nfi\n# This output is used by Xcode 'outputs' to avoid re-running this script phase.\necho \"SUCCESS\" > \"${SCRIPT_OUTPUT_FILE_0}\"\n";
			showEnvVarsInLog = 0;
		};
		F8DA8D8D0CD3A5BD098902D6 /* [CP] Check Pods Manifest.lock */ = {
			isa = PBXShellScriptBuildPhase;
			buildActionMask = 2147483647;
			files = (
			);
			inputFileListPaths = (
			);
			inputPaths = (
				"${PODS_PODFILE_DIR_PATH}/Podfile.lock",
				"${PODS_ROOT}/Manifest.lock",
			);
			name = "[CP] Check Pods Manifest.lock";
			outputFileListPaths = (
			);
			outputPaths = (
				"$(DERIVED_FILE_DIR)/Pods-GymPartner-GymPartnerUITests-checkManifestLockResult.txt",
			);
			runOnlyForDeploymentPostprocessing = 0;
			shellPath = /bin/sh;
			shellScript = "diff \"${PODS_PODFILE_DIR_PATH}/Podfile.lock\" \"${PODS_ROOT}/Manifest.lock\" > /dev/null\nif [ $? != 0 ] ; then\n    # print error to STDERR\n    echo \"error: The sandbox is not in sync with the Podfile.lock. Run 'pod install' or update your CocoaPods installation.\" >&2\n    exit 1\nfi\n# This output is used by Xcode 'outputs' to avoid re-running this script phase.\necho \"SUCCESS\" > \"${SCRIPT_OUTPUT_FILE_0}\"\n";
			showEnvVarsInLog = 0;
		};
/* End PBXShellScriptBuildPhase section */

/* Begin PBXSourcesBuildPhase section */
		C3BF8C3E2974ACC100B850E7 /* Sources */ = {
			isa = PBXSourcesBuildPhase;
			buildActionMask = 2147483647;
			files = (
				C3BF8C762974D14000B850E7 /* AuthView.swift in Sources */,
				C3BF8C742974CFB000B850E7 /* MainView.swift in Sources */,
				C3BF8C722974BADB00B850E7 /* SignUpView.swift in Sources */,
				C3BF8C462974ACC100B850E7 /* GymPartnerApp.swift in Sources */,
			);
			runOnlyForDeploymentPostprocessing = 0;
		};
		C3BF8C4E2974ACC500B850E7 /* Sources */ = {
			isa = PBXSourcesBuildPhase;
			buildActionMask = 2147483647;
			files = (
				C3BF8C572974ACC500B850E7 /* GymPartnerTests.swift in Sources */,
			);
			runOnlyForDeploymentPostprocessing = 0;
		};
		C3BF8C582974ACC500B850E7 /* Sources */ = {
			isa = PBXSourcesBuildPhase;
			buildActionMask = 2147483647;
			files = (
				C3BF8C612974ACC500B850E7 /* GymPartnerUITests.swift in Sources */,
				C3BF8C632974ACC500B850E7 /* GymPartnerUITestsLaunchTests.swift in Sources */,
			);
			runOnlyForDeploymentPostprocessing = 0;
		};
/* End PBXSourcesBuildPhase section */

/* Begin PBXTargetDependency section */
		C3BF8C542974ACC500B850E7 /* PBXTargetDependency */ = {
			isa = PBXTargetDependency;
			target = C3BF8C412974ACC100B850E7 /* GymPartner */;
			targetProxy = C3BF8C532974ACC500B850E7 /* PBXContainerItemProxy */;
		};
		C3BF8C5E2974ACC500B850E7 /* PBXTargetDependency */ = {
			isa = PBXTargetDependency;
			target = C3BF8C412974ACC100B850E7 /* GymPartner */;
			targetProxy = C3BF8C5D2974ACC500B850E7 /* PBXContainerItemProxy */;
		};
/* End PBXTargetDependency section */

/* Begin XCBuildConfiguration section */
		C3BF8C642974ACC500B850E7 /* Debug */ = {
			isa = XCBuildConfiguration;
			buildSettings = {
				ALWAYS_SEARCH_USER_PATHS = NO;
				CLANG_ANALYZER_NONNULL = YES;
				CLANG_ANALYZER_NUMBER_OBJECT_CONVERSION = YES_AGGRESSIVE;
				CLANG_CXX_LANGUAGE_STANDARD = "gnu++20";
				CLANG_ENABLE_MODULES = YES;
				CLANG_ENABLE_OBJC_ARC = YES;
				CLANG_ENABLE_OBJC_WEAK = YES;
				CLANG_WARN_BLOCK_CAPTURE_AUTORELEASING = YES;
				CLANG_WARN_BOOL_CONVERSION = YES;
				CLANG_WARN_COMMA = YES;
				CLANG_WARN_CONSTANT_CONVERSION = YES;
				CLANG_WARN_DEPRECATED_OBJC_IMPLEMENTATIONS = YES;
				CLANG_WARN_DIRECT_OBJC_ISA_USAGE = YES_ERROR;
				CLANG_WARN_DOCUMENTATION_COMMENTS = YES;
				CLANG_WARN_EMPTY_BODY = YES;
				CLANG_WARN_ENUM_CONVERSION = YES;
				CLANG_WARN_INFINITE_RECURSION = YES;
				CLANG_WARN_INT_CONVERSION = YES;
				CLANG_WARN_NON_LITERAL_NULL_CONVERSION = YES;
				CLANG_WARN_OBJC_IMPLICIT_RETAIN_SELF = YES;
				CLANG_WARN_OBJC_LITERAL_CONVERSION = YES;
				CLANG_WARN_OBJC_ROOT_CLASS = YES_ERROR;
				CLANG_WARN_QUOTED_INCLUDE_IN_FRAMEWORK_HEADER = YES;
				CLANG_WARN_RANGE_LOOP_ANALYSIS = YES;
				CLANG_WARN_STRICT_PROTOTYPES = YES;
				CLANG_WARN_SUSPICIOUS_MOVE = YES;
				CLANG_WARN_UNGUARDED_AVAILABILITY = YES_AGGRESSIVE;
				CLANG_WARN_UNREACHABLE_CODE = YES;
				CLANG_WARN__DUPLICATE_METHOD_MATCH = YES;
				COPY_PHASE_STRIP = NO;
				DEBUG_INFORMATION_FORMAT = dwarf;
				ENABLE_STRICT_OBJC_MSGSEND = YES;
				ENABLE_TESTABILITY = YES;
				GCC_C_LANGUAGE_STANDARD = gnu11;
				GCC_DYNAMIC_NO_PIC = NO;
				GCC_NO_COMMON_BLOCKS = YES;
				GCC_OPTIMIZATION_LEVEL = 0;
				GCC_PREPROCESSOR_DEFINITIONS = (
					"DEBUG=1",
					"$(inherited)",
				);
				GCC_WARN_64_TO_32_BIT_CONVERSION = YES;
				GCC_WARN_ABOUT_RETURN_TYPE = YES_ERROR;
				GCC_WARN_UNDECLARED_SELECTOR = YES;
				GCC_WARN_UNINITIALIZED_AUTOS = YES_AGGRESSIVE;
				GCC_WARN_UNUSED_FUNCTION = YES;
				GCC_WARN_UNUSED_VARIABLE = YES;
				IPHONEOS_DEPLOYMENT_TARGET = 16.2;
				MTL_ENABLE_DEBUG_INFO = INCLUDE_SOURCE;
				MTL_FAST_MATH = YES;
				ONLY_ACTIVE_ARCH = YES;
				SDKROOT = iphoneos;
				SWIFT_ACTIVE_COMPILATION_CONDITIONS = DEBUG;
				SWIFT_OPTIMIZATION_LEVEL = "-Onone";
			};
			name = Debug;
		};
		C3BF8C652974ACC500B850E7 /* Release */ = {
			isa = XCBuildConfiguration;
			buildSettings = {
				ALWAYS_SEARCH_USER_PATHS = NO;
				CLANG_ANALYZER_NONNULL = YES;
				CLANG_ANALYZER_NUMBER_OBJECT_CONVERSION = YES_AGGRESSIVE;
				CLANG_CXX_LANGUAGE_STANDARD = "gnu++20";
				CLANG_ENABLE_MODULES = YES;
				CLANG_ENABLE_OBJC_ARC = YES;
				CLANG_ENABLE_OBJC_WEAK = YES;
				CLANG_WARN_BLOCK_CAPTURE_AUTORELEASING = YES;
				CLANG_WARN_BOOL_CONVERSION = YES;
				CLANG_WARN_COMMA = YES;
				CLANG_WARN_CONSTANT_CONVERSION = YES;
				CLANG_WARN_DEPRECATED_OBJC_IMPLEMENTATIONS = YES;
				CLANG_WARN_DIRECT_OBJC_ISA_USAGE = YES_ERROR;
				CLANG_WARN_DOCUMENTATION_COMMENTS = YES;
				CLANG_WARN_EMPTY_BODY = YES;
				CLANG_WARN_ENUM_CONVERSION = YES;
				CLANG_WARN_INFINITE_RECURSION = YES;
				CLANG_WARN_INT_CONVERSION = YES;
				CLANG_WARN_NON_LITERAL_NULL_CONVERSION = YES;
				CLANG_WARN_OBJC_IMPLICIT_RETAIN_SELF = YES;
				CLANG_WARN_OBJC_LITERAL_CONVERSION = YES;
				CLANG_WARN_OBJC_ROOT_CLASS = YES_ERROR;
				CLANG_WARN_QUOTED_INCLUDE_IN_FRAMEWORK_HEADER = YES;
				CLANG_WARN_RANGE_LOOP_ANALYSIS = YES;
				CLANG_WARN_STRICT_PROTOTYPES = YES;
				CLANG_WARN_SUSPICIOUS_MOVE = YES;
				CLANG_WARN_UNGUARDED_AVAILABILITY = YES_AGGRESSIVE;
				CLANG_WARN_UNREACHABLE_CODE = YES;
				CLANG_WARN__DUPLICATE_METHOD_MATCH = YES;
				COPY_PHASE_STRIP = NO;
				DEBUG_INFORMATION_FORMAT = "dwarf-with-dsym";
				ENABLE_NS_ASSERTIONS = NO;
				ENABLE_STRICT_OBJC_MSGSEND = YES;
				GCC_C_LANGUAGE_STANDARD = gnu11;
				GCC_NO_COMMON_BLOCKS = YES;
				GCC_WARN_64_TO_32_BIT_CONVERSION = YES;
				GCC_WARN_ABOUT_RETURN_TYPE = YES_ERROR;
				GCC_WARN_UNDECLARED_SELECTOR = YES;
				GCC_WARN_UNINITIALIZED_AUTOS = YES_AGGRESSIVE;
				GCC_WARN_UNUSED_FUNCTION = YES;
				GCC_WARN_UNUSED_VARIABLE = YES;
				IPHONEOS_DEPLOYMENT_TARGET = 16.2;
				MTL_ENABLE_DEBUG_INFO = NO;
				MTL_FAST_MATH = YES;
				SDKROOT = iphoneos;
				SWIFT_COMPILATION_MODE = wholemodule;
				SWIFT_OPTIMIZATION_LEVEL = "-O";
				VALIDATE_PRODUCT = YES;
			};
			name = Release;
		};
		C3BF8C672974ACC500B850E7 /* Debug */ = {
			isa = XCBuildConfiguration;
			baseConfigurationReference = 037F51EBED12C2B2D72F9425 /* Pods-GymPartner.debug.xcconfig */;
			buildSettings = {
				ASSETCATALOG_COMPILER_APPICON_NAME = AppIcon;
				ASSETCATALOG_COMPILER_GLOBAL_ACCENT_COLOR_NAME = AccentColor;
				CODE_SIGN_STYLE = Automatic;
				CURRENT_PROJECT_VERSION = 1;
				DEVELOPMENT_ASSET_PATHS = "\"GymPartner/Preview Content\"";
				DEVELOPMENT_TEAM = 8R78TU7V89;
				ENABLE_PREVIEWS = YES;
				GENERATE_INFOPLIST_FILE = YES;
				INFOPLIST_KEY_UIApplicationSceneManifest_Generation = YES;
				INFOPLIST_KEY_UIApplicationSupportsIndirectInputEvents = YES;
				INFOPLIST_KEY_UILaunchScreen_Generation = YES;
				INFOPLIST_KEY_UISupportedInterfaceOrientations_iPad = "UIInterfaceOrientationPortrait UIInterfaceOrientationPortraitUpsideDown UIInterfaceOrientationLandscapeLeft UIInterfaceOrientationLandscapeRight";
				INFOPLIST_KEY_UISupportedInterfaceOrientations_iPhone = "UIInterfaceOrientationPortrait UIInterfaceOrientationLandscapeLeft UIInterfaceOrientationLandscapeRight";
				LD_RUNPATH_SEARCH_PATHS = (
					"$(inherited)",
					"@executable_path/Frameworks",
				);
				MARKETING_VERSION = 1.0;
				PRODUCT_BUNDLE_IDENTIFIER = jamesgasek.GymPartner;
				PRODUCT_NAME = "$(TARGET_NAME)";
				SWIFT_EMIT_LOC_STRINGS = YES;
				SWIFT_VERSION = 5.0;
				TARGETED_DEVICE_FAMILY = "1,2";
			};
			name = Debug;
		};
		C3BF8C682974ACC500B850E7 /* Release */ = {
			isa = XCBuildConfiguration;
			baseConfigurationReference = ADB07C6B63B7878B531B786B /* Pods-GymPartner.release.xcconfig */;
			buildSettings = {
				ASSETCATALOG_COMPILER_APPICON_NAME = AppIcon;
				ASSETCATALOG_COMPILER_GLOBAL_ACCENT_COLOR_NAME = AccentColor;
				CODE_SIGN_STYLE = Automatic;
				CURRENT_PROJECT_VERSION = 1;
				DEVELOPMENT_ASSET_PATHS = "\"GymPartner/Preview Content\"";
				DEVELOPMENT_TEAM = 8R78TU7V89;
				ENABLE_PREVIEWS = YES;
				GENERATE_INFOPLIST_FILE = YES;
				INFOPLIST_KEY_UIApplicationSceneManifest_Generation = YES;
				INFOPLIST_KEY_UIApplicationSupportsIndirectInputEvents = YES;
				INFOPLIST_KEY_UILaunchScreen_Generation = YES;
				INFOPLIST_KEY_UISupportedInterfaceOrientations_iPad = "UIInterfaceOrientationPortrait UIInterfaceOrientationPortraitUpsideDown UIInterfaceOrientationLandscapeLeft UIInterfaceOrientationLandscapeRight";
				INFOPLIST_KEY_UISupportedInterfaceOrientations_iPhone = "UIInterfaceOrientationPortrait UIInterfaceOrientationLandscapeLeft UIInterfaceOrientationLandscapeRight";
				LD_RUNPATH_SEARCH_PATHS = (
					"$(inherited)",
					"@executable_path/Frameworks",
				);
				MARKETING_VERSION = 1.0;
				PRODUCT_BUNDLE_IDENTIFIER = jamesgasek.GymPartner;
				PRODUCT_NAME = "$(TARGET_NAME)";
				SWIFT_EMIT_LOC_STRINGS = YES;
				SWIFT_VERSION = 5.0;
				TARGETED_DEVICE_FAMILY = "1,2";
			};
			name = Release;
		};
		C3BF8C6A2974ACC500B850E7 /* Debug */ = {
			isa = XCBuildConfiguration;
			baseConfigurationReference = D797FC6054B6C6D67D037717 /* Pods-GymPartnerTests.debug.xcconfig */;
			buildSettings = {
				ALWAYS_EMBED_SWIFT_STANDARD_LIBRARIES = YES;
				BUNDLE_LOADER = "$(TEST_HOST)";
				CODE_SIGN_STYLE = Automatic;
				CURRENT_PROJECT_VERSION = 1;
				DEVELOPMENT_TEAM = 8R78TU7V89;
				GENERATE_INFOPLIST_FILE = YES;
				IPHONEOS_DEPLOYMENT_TARGET = 16.2;
				MARKETING_VERSION = 1.0;
				PRODUCT_BUNDLE_IDENTIFIER = jamesgasek.GymPartnerTests;
				PRODUCT_NAME = "$(TARGET_NAME)";
				SWIFT_EMIT_LOC_STRINGS = NO;
				SWIFT_VERSION = 5.0;
				TARGETED_DEVICE_FAMILY = "1,2";
				TEST_HOST = "$(BUILT_PRODUCTS_DIR)/GymPartner.app/$(BUNDLE_EXECUTABLE_FOLDER_PATH)/GymPartner";
			};
			name = Debug;
		};
		C3BF8C6B2974ACC500B850E7 /* Release */ = {
			isa = XCBuildConfiguration;
			baseConfigurationReference = FEAD90BF138D544F861CB43C /* Pods-GymPartnerTests.release.xcconfig */;
			buildSettings = {
				ALWAYS_EMBED_SWIFT_STANDARD_LIBRARIES = YES;
				BUNDLE_LOADER = "$(TEST_HOST)";
				CODE_SIGN_STYLE = Automatic;
				CURRENT_PROJECT_VERSION = 1;
				DEVELOPMENT_TEAM = 8R78TU7V89;
				GENERATE_INFOPLIST_FILE = YES;
				IPHONEOS_DEPLOYMENT_TARGET = 16.2;
				MARKETING_VERSION = 1.0;
				PRODUCT_BUNDLE_IDENTIFIER = jamesgasek.GymPartnerTests;
				PRODUCT_NAME = "$(TARGET_NAME)";
				SWIFT_EMIT_LOC_STRINGS = NO;
				SWIFT_VERSION = 5.0;
				TARGETED_DEVICE_FAMILY = "1,2";
				TEST_HOST = "$(BUILT_PRODUCTS_DIR)/GymPartner.app/$(BUNDLE_EXECUTABLE_FOLDER_PATH)/GymPartner";
			};
			name = Release;
		};
		C3BF8C6D2974ACC500B850E7 /* Debug */ = {
			isa = XCBuildConfiguration;
			baseConfigurationReference = DBD319F01D09FA488EA296B8 /* Pods-GymPartner-GymPartnerUITests.debug.xcconfig */;
			buildSettings = {
				ALWAYS_EMBED_SWIFT_STANDARD_LIBRARIES = YES;
				CODE_SIGN_STYLE = Automatic;
				CURRENT_PROJECT_VERSION = 1;
				DEVELOPMENT_TEAM = 8R78TU7V89;
				GENERATE_INFOPLIST_FILE = YES;
				MARKETING_VERSION = 1.0;
				PRODUCT_BUNDLE_IDENTIFIER = jamesgasek.GymPartnerUITests;
				PRODUCT_NAME = "$(TARGET_NAME)";
				SWIFT_EMIT_LOC_STRINGS = NO;
				SWIFT_VERSION = 5.0;
				TARGETED_DEVICE_FAMILY = "1,2";
				TEST_TARGET_NAME = GymPartner;
			};
			name = Debug;
		};
		C3BF8C6E2974ACC500B850E7 /* Release */ = {
			isa = XCBuildConfiguration;
			baseConfigurationReference = B2367588360A8B00F2013B31 /* Pods-GymPartner-GymPartnerUITests.release.xcconfig */;
			buildSettings = {
				ALWAYS_EMBED_SWIFT_STANDARD_LIBRARIES = YES;
				CODE_SIGN_STYLE = Automatic;
				CURRENT_PROJECT_VERSION = 1;
				DEVELOPMENT_TEAM = 8R78TU7V89;
				GENERATE_INFOPLIST_FILE = YES;
				MARKETING_VERSION = 1.0;
				PRODUCT_BUNDLE_IDENTIFIER = jamesgasek.GymPartnerUITests;
				PRODUCT_NAME = "$(TARGET_NAME)";
				SWIFT_EMIT_LOC_STRINGS = NO;
				SWIFT_VERSION = 5.0;
				TARGETED_DEVICE_FAMILY = "1,2";
				TEST_TARGET_NAME = GymPartner;
			};
			name = Release;
		};
/* End XCBuildConfiguration section */

/* Begin XCConfigurationList section */
		C3BF8C3D2974ACC100B850E7 /* Build configuration list for PBXProject "GymPartner" */ = {
			isa = XCConfigurationList;
			buildConfigurations = (
				C3BF8C642974ACC500B850E7 /* Debug */,
				C3BF8C652974ACC500B850E7 /* Release */,
			);
			defaultConfigurationIsVisible = 0;
			defaultConfigurationName = Release;
		};
		C3BF8C662974ACC500B850E7 /* Build configuration list for PBXNativeTarget "GymPartner" */ = {
			isa = XCConfigurationList;
			buildConfigurations = (
				C3BF8C672974ACC500B850E7 /* Debug */,
				C3BF8C682974ACC500B850E7 /* Release */,
			);
			defaultConfigurationIsVisible = 0;
			defaultConfigurationName = Release;
		};
		C3BF8C692974ACC500B850E7 /* Build configuration list for PBXNativeTarget "GymPartnerTests" */ = {
			isa = XCConfigurationList;
			buildConfigurations = (
				C3BF8C6A2974ACC500B850E7 /* Debug */,
				C3BF8C6B2974ACC500B850E7 /* Release */,
			);
			defaultConfigurationIsVisible = 0;
			defaultConfigurationName = Release;
		};
		C3BF8C6C2974ACC500B850E7 /* Build configuration list for PBXNativeTarget "GymPartnerUITests" */ = {
			isa = XCConfigurationList;
			buildConfigurations = (
				C3BF8C6D2974ACC500B850E7 /* Debug */,
				C3BF8C6E2974ACC500B850E7 /* Release */,
			);
			defaultConfigurationIsVisible = 0;
			defaultConfigurationName = Release;
		};
/* End XCConfigurationList section */
	};
	rootObject = C3BF8C3A2974ACC100B850E7 /* Project object */;
}
